
Microsoft Visual Studio Solution File, Format Version 12.00
# Visual Studio Version 17
VisualStudioVersion = 17.0.31903.59
MinimumVisualStudioVersion = 10.0.40219.1
Project("{9A19103F-16F7-4668-BE54-9A1E7A4F7556}") = "BytexDigital.Blazor.Components.CookieConsent", "BytexDigital.Blazor.Components.CookieConsent\BytexDigital.Blazor.Components.CookieConsent.csproj", "{E371BFFA-DD71-4D18-95E3-FC825EC498A4}"
EndProject
Project("{2150E333-8FDC-42A3-9474-1A3956D46DE8}") = "Solution Items", "Solution Items", "{4D5B86B8-2568-46BD-A489-D096DC00D798}"
EndProject
Project("{FAE04EC0-301F-11D3-BF4B-00C04F79EFBC}") = "BytexDigital.Blazor.Components.CookieConsent.AspNetCore", "BytexDigital.Blazor.Components.CookieConsent.AspNetCore\BytexDigital.Blazor.Components.CookieConsent.AspNetCore.csproj", "{CE80B2A2-9800-4F2D-8DE7-1E50F78112A5}"
EndProject
Project("{FAE04EC0-301F-11D3-BF4B-00C04F79EFBC}") = "BytexDigital.Blazor.Components.CookieConsent.SampleApp", "sample-app\BytexDigital.Blazor.Components.CookieConsent.SampleApp\BytexDigital.Blazor.Components.CookieConsent.SampleApp.csproj", "{202CE291-15D7-9A2B-D726-8A32DBAD045B}"
EndProject
Project("{FAE04EC0-301F-11D3-BF4B-00C04F79EFBC}") = "BytexDigital.Blazor.Components.CookieConsent.SampleApp.Client", "sample-app\BytexDigital.Blazor.Components.CookieConsent.SampleApp.Client\BytexDigital.Blazor.Components.CookieConsent.SampleApp.Client.csproj", "{8EBC2A38-B1F5-2960-468E-D9CCB6302DD0}"
EndProject
Project("{2150E333-8FDC-42A3-9474-1A3956D46DE8}") = "Library", "Library", "{347A5F51-19EF-451F-B623-0E809EFF1CEE}"
EndProject
Project("{2150E333-8FDC-42A3-9474-1A3956D46DE8}") = "SampleApp", "SampleApp", "{E38B169B-0CB5-4111-BFD5-9CAF99946346}"
EndProject
Global
	GlobalSection(SolutionConfigurationPlatforms) = preSolution
		Debug|Any CPU = Debug|Any CPU
		Release|Any CPU = Release|Any CPU
	EndGlobalSection
	GlobalSection(ProjectConfigurationPlatforms) = postSolution
		{E371BFFA-DD71-4D18-95E3-FC825EC498A4}.Debug|Any CPU.ActiveCfg = Debug|Any CPU
		{E371BFFA-DD71-4D18-95E3-FC825EC498A4}.Debug|Any CPU.Build.0 = Debug|Any CPU
		{E371BFFA-DD71-4D18-95E3-FC825EC498A4}.Release|Any CPU.ActiveCfg = Release|Any CPU
		{E371BFFA-DD71-4D18-95E3-FC825EC498A4}.Release|Any CPU.Build.0 = Release|Any CPU
		{CE80B2A2-9800-4F2D-8DE7-1E50F78112A5}.Debug|Any CPU.ActiveCfg = Debug|Any CPU
		{CE80B2A2-9800-4F2D-8DE7-1E50F78112A5}.Debug|Any CPU.Build.0 = Debug|Any CPU
		{CE80B2A2-9800-4F2D-8DE7-1E50F78112A5}.Release|Any CPU.ActiveCfg = Release|Any CPU
		{CE80B2A2-9800-4F2D-8DE7-1E50F78112A5}.Release|Any CPU.Build.0 = Release|Any CPU
		{202CE291-15D7-9A2B-D726-8A32DBAD045B}.Debug|Any CPU.ActiveCfg = Debug|Any CPU
		{202CE291-15D7-9A2B-D726-8A32DBAD045B}.Debug|Any CPU.Build.0 = Debug|Any CPU
		{202CE291-15D7-9A2B-D726-8A32DBAD045B}.Release|Any CPU.ActiveCfg = Release|Any CPU
		{202CE291-15D7-9A2B-D726-8A32DBAD045B}.Release|Any CPU.Build.0 = Release|Any CPU
		{8EBC2A38-B1F5-2960-468E-D9CCB6302DD0}.Debug|Any CPU.ActiveCfg = Debug|Any CPU
		{8EBC2A38-B1F5-2960-468E-D9CCB6302DD0}.Debug|Any CPU.Build.0 = Debug|Any CPU
		{8EBC2A38-B1F5-2960-468E-D9CCB6302DD0}.Release|Any CPU.ActiveCfg = Release|Any CPU
		{8EBC2A38-B1F5-2960-468E-D9CCB6302DD0}.Release|Any CPU.Build.0 = Release|Any CPU
	EndGlobalSection
	GlobalSection(SolutionProperties) = preSolution
		HideSolutionNode = FALSE
	EndGlobalSection
	GlobalSection(ExtensibilityGlobals) = postSolution
		SolutionGuid = {2D83D7C7-FCE5-4A78-81A3-7822BB9C363F}
	EndGlobalSection
	GlobalSection(NestedProjects) = preSolution
		{E371BFFA-DD71-4D18-95E3-FC825EC498A4} = {347A5F51-19EF-451F-B623-0E809EFF1CEE}
		{CE80B2A2-9800-4F2D-8DE7-1E50F78112A5} = {347A5F51-19EF-451F-B623-0E809EFF1CEE}
		{202CE291-15D7-9A2B-D726-8A32DBAD045B} = {E38B169B-0CB5-4111-BFD5-9CAF99946346}
		{8EBC2A38-B1F5-2960-468E-D9CCB6302DD0} = {E38B169B-0CB5-4111-BFD5-9CAF99946346}
	EndGlobalSection
EndGlobal
